// !$*UTF8*$!
{
	archiveVersion = 1;
	classes = {
	};
	objectVersion = 46;
	objects = {

/* Begin PBXBuildFile section */
		7073A429B9E3B490B2DB9A2B /* Pods_CTDS.framework in Frameworks */ = {isa = PBXBuildFile; fileRef = 590C04374C9765F6489DF8EA /* Pods_CTDS.framework */; };
		E227B9321E49C29C00DA5F70 /* TableViewController1.swift in Sources */ = {isa = PBXBuildFile; fileRef = E227B9311E49C29C00DA5F70 /* TableViewController1.swift */; };
		E227B9341E49C38800DA5F70 /* TableViewController2.swift in Sources */ = {isa = PBXBuildFile; fileRef = E227B9331E49C38800DA5F70 /* TableViewController2.swift */; };
		E227B9361E49DE0D00DA5F70 /* MyCollectionViewCell.swift in Sources */ = {isa = PBXBuildFile; fileRef = E227B9351E49DE0D00DA5F70 /* MyCollectionViewCell.swift */; };
		E227B9381E4A065500DA5F70 /* NewCollectionViewCell.swift in Sources */ = {isa = PBXBuildFile; fileRef = E227B9371E4A065500DA5F70 /* NewCollectionViewCell.swift */; };
		E2787BB61E4868CC00390D77 /* AppDelegate.swift in Sources */ = {isa = PBXBuildFile; fileRef = E2787BB51E4868CC00390D77 /* AppDelegate.swift */; };
		E2787BB81E4868CC00390D77 /* ViewController.swift in Sources */ = {isa = PBXBuildFile; fileRef = E2787BB71E4868CC00390D77 /* ViewController.swift */; };
		E2787BBB1E4868CC00390D77 /* Main.storyboard in Resources */ = {isa = PBXBuildFile; fileRef = E2787BB91E4868CC00390D77 /* Main.storyboard */; };
		E2787BBD1E4868CC00390D77 /* Assets.xcassets in Resources */ = {isa = PBXBuildFile; fileRef = E2787BBC1E4868CC00390D77 /* Assets.xcassets */; };
		E2787BC01E4868CC00390D77 /* LaunchScreen.storyboard in Resources */ = {isa = PBXBuildFile; fileRef = E2787BBE1E4868CC00390D77 /* LaunchScreen.storyboard */; };
		E2B9F42B1E49AE3100700122 /* VC2.swift in Sources */ = {isa = PBXBuildFile; fileRef = E2B9F42A1E49AE3100700122 /* VC2.swift */; };
/* End PBXBuildFile section */

/* Begin PBXFileReference section */
		24C1A01880C0B6FD8E030502 /* Pods-CTDS.release.xcconfig */ = {isa = PBXFileReference; includeInIndex = 1; lastKnownFileType = text.xcconfig; name = "Pods-CTDS.release.xcconfig"; path = "Pods/Target Support Files/Pods-CTDS/Pods-CTDS.release.xcconfig"; sourceTree = "<group>"; };
		590C04374C9765F6489DF8EA /* Pods_CTDS.framework */ = {isa = PBXFileReference; explicitFileType = wrapper.framework; includeInIndex = 0; path = Pods_CTDS.framework; sourceTree = BUILT_PRODUCTS_DIR; };
		D0603BB29A6FFAF9C998AC10 /* Pods-CTDS.debug.xcconfig */ = {isa = PBXFileReference; includeInIndex = 1; lastKnownFileType = text.xcconfig; name = "Pods-CTDS.debug.xcconfig"; path = "Pods/Target Support Files/Pods-CTDS/Pods-CTDS.debug.xcconfig"; sourceTree = "<group>"; };
		E227B9311E49C29C00DA5F70 /* TableViewController1.swift */ = {isa = PBXFileReference; fileEncoding = 4; lastKnownFileType = sourcecode.swift; path = TableViewController1.swift; sourceTree = "<group>"; };
		E227B9331E49C38800DA5F70 /* TableViewController2.swift */ = {isa = PBXFileReference; fileEncoding = 4; lastKnownFileType = sourcecode.swift; path = TableViewController2.swift; sourceTree = "<group>"; };
		E227B9351E49DE0D00DA5F70 /* MyCollectionViewCell.swift */ = {isa = PBXFileReference; fileEncoding = 4; lastKnownFileType = sourcecode.swift; path = MyCollectionViewCell.swift; sourceTree = "<group>"; };
		E227B9371E4A065500DA5F70 /* NewCollectionViewCell.swift */ = {isa = PBXFileReference; fileEncoding = 4; lastKnownFileType = sourcecode.swift; path = NewCollectionViewCell.swift; sourceTree = "<group>"; };
		E2787BB21E4868CC00390D77 /* CTDS.app */ = {isa = PBXFileReference; explicitFileType = wrapper.application; includeInIndex = 0; path = CTDS.app; sourceTree = BUILT_PRODUCTS_DIR; };
		E2787BB51E4868CC00390D77 /* AppDelegate.swift */ = {isa = PBXFileReference; lastKnownFileType = sourcecode.swift; path = AppDelegate.swift; sourceTree = "<group>"; };
		E2787BB71E4868CC00390D77 /* ViewController.swift */ = {isa = PBXFileReference; lastKnownFileType = sourcecode.swift; path = ViewController.swift; sourceTree = "<group>"; };
		E2787BBA1E4868CC00390D77 /* Base */ = {isa = PBXFileReference; lastKnownFileType = file.storyboard; name = Base; path = Base.lproj/Main.storyboard; sourceTree = "<group>"; };
		E2787BBC1E4868CC00390D77 /* Assets.xcassets */ = {isa = PBXFileReference; lastKnownFileType = folder.assetcatalog; path = Assets.xcassets; sourceTree = "<group>"; };
		E2787BBF1E4868CC00390D77 /* Base */ = {isa = PBXFileReference; lastKnownFileType = file.storyboard; name = Base; path = Base.lproj/LaunchScreen.storyboard; sourceTree = "<group>"; };
		E2787BC11E4868CC00390D77 /* Info.plist */ = {isa = PBXFileReference; lastKnownFileType = text.plist.xml; path = Info.plist; sourceTree = "<group>"; };
		E2B9F42A1E49AE3100700122 /* VC2.swift */ = {isa = PBXFileReference; fileEncoding = 4; lastKnownFileType = sourcecode.swift; name = VC2.swift; path = ../VC2.swift; sourceTree = "<group>"; };
/* End PBXFileReference section */

/* Begin PBXFrameworksBuildPhase section */
		E2787BAF1E4868CC00390D77 /* Frameworks */ = {
			isa = PBXFrameworksBuildPhase;
			buildActionMask = 2147483647;
			files = (
				7073A429B9E3B490B2DB9A2B /* Pods_CTDS.framework in Frameworks */,
			);
			runOnlyForDeploymentPostprocessing = 0;
		};
/* End PBXFrameworksBuildPhase section */

/* Begin PBXGroup section */
		5F17FD97EBEC5C86D3AE5243 /* Frameworks */ = {
			isa = PBXGroup;
			children = (
				590C04374C9765F6489DF8EA /* Pods_CTDS.framework */,
			);
			name = Frameworks;
			sourceTree = "<group>";
		};
		E2787BA91E4868CC00390D77 = {
			isa = PBXGroup;
			children = (
				E2787BB41E4868CC00390D77 /* CTDS */,
				E2787BB31E4868CC00390D77 /* Products */,
				E88CA5A46598DDBB019A8A34 /* Pods */,
				5F17FD97EBEC5C86D3AE5243 /* Frameworks */,
			);
			sourceTree = "<group>";
		};
		E2787BB31E4868CC00390D77 /* Products */ = {
			isa = PBXGroup;
			children = (
				E2787BB21E4868CC00390D77 /* CTDS.app */,
			);
			name = Products;
			sourceTree = "<group>";
		};
		E2787BB41E4868CC00390D77 /* CTDS */ = {
			isa = PBXGroup;
			children = (
				E227B9371E4A065500DA5F70 /* NewCollectionViewCell.swift */,
				E227B9351E49DE0D00DA5F70 /* MyCollectionViewCell.swift */,
				E2787BB51E4868CC00390D77 /* AppDelegate.swift */,
				E2787BB71E4868CC00390D77 /* ViewController.swift */,
				E2B9F42A1E49AE3100700122 /* VC2.swift */,
				E227B9331E49C38800DA5F70 /* TableViewController2.swift */,
				E227B9311E49C29C00DA5F70 /* TableViewController1.swift */,
				E2787BB91E4868CC00390D77 /* Main.storyboard */,
				E2787BBC1E4868CC00390D77 /* Assets.xcassets */,
				E2787BBE1E4868CC00390D77 /* LaunchScreen.storyboard */,
				E2787BC11E4868CC00390D77 /* Info.plist */,
			);
			path = CTDS;
			sourceTree = "<group>";
		};
		E88CA5A46598DDBB019A8A34 /* Pods */ = {
			isa = PBXGroup;
			children = (
				D0603BB29A6FFAF9C998AC10 /* Pods-CTDS.debug.xcconfig */,
				24C1A01880C0B6FD8E030502 /* Pods-CTDS.release.xcconfig */,
			);
			name = Pods;
			sourceTree = "<group>";
		};
/* End PBXGroup section */

/* Begin PBXNativeTarget section */
		E2787BB11E4868CC00390D77 /* CTDS */ = {
			isa = PBXNativeTarget;
			buildConfigurationList = E2787BC41E4868CC00390D77 /* Build configuration list for PBXNativeTarget "CTDS" */;
			buildPhases = (
				2FF85B1BB33D46C926C0C9DA /* [CP] Check Pods Manifest.lock */,
				E2787BAE1E4868CC00390D77 /* Sources */,
				E2787BAF1E4868CC00390D77 /* Frameworks */,
				E2787BB01E4868CC00390D77 /* Resources */,
				06E6E04B3FDBF4AD1A19BFA6 /* [CP] Embed Pods Frameworks */,
				9232FB29EE0C66BD46279D80 /* [CP] Copy Pods Resources */,
			);
			buildRules = (
			);
			dependencies = (
			);
			name = CTDS;
			productName = CTDS;
			productReference = E2787BB21E4868CC00390D77 /* CTDS.app */;
			productType = "com.apple.product-type.application";
		};
/* End PBXNativeTarget section */

/* Begin PBXProject section */
		E2787BAA1E4868CC00390D77 /* Project object */ = {
			isa = PBXProject;
			attributes = {
				LastSwiftUpdateCheck = 0820;
				LastUpgradeCheck = 0820;
				ORGANIZATIONNAME = tom;
				TargetAttributes = {
					E2787BB11E4868CC00390D77 = {
						CreatedOnToolsVersion = 8.2.1;
						DevelopmentTeam = 8Z9Q2C694P;
						ProvisioningStyle = Automatic;
					};
				};
			};
			buildConfigurationList = E2787BAD1E4868CC00390D77 /* Build configuration list for PBXProject "CTDS" */;
			compatibilityVersion = "Xcode 3.2";
			developmentRegion = English;
			hasScannedForEncodings = 0;
			knownRegions = (
				en,
				Base,
			);
			mainGroup = E2787BA91E4868CC00390D77;
			productRefGroup = E2787BB31E4868CC00390D77 /* Products */;
			projectDirPath = "";
			projectRoot = "";
			targets = (
				E2787BB11E4868CC00390D77 /* CTDS */,
			);
		};
/* End PBXProject section */

/* Begin PBXResourcesBuildPhase section */
		E2787BB01E4868CC00390D77 /* Resources */ = {
			isa = PBXResourcesBuildPhase;
			buildActionMask = 2147483647;
			files = (
				E2787BC01E4868CC00390D77 /* LaunchScreen.storyboard in Resources */,
				E2787BBD1E4868CC00390D77 /* Assets.xcassets in Resources */,
				E2787BBB1E4868CC00390D77 /* Main.storyboard in Resources */,
			);
			runOnlyForDeploymentPostprocessing = 0;
		};
/* End PBXResourcesBuildPhase section */

/* Begin PBXShellScriptBuildPhase section */
		06E6E04B3FDBF4AD1A19BFA6 /* [CP] Embed Pods Frameworks */ = {
			isa = PBXShellScriptBuildPhase;
			buildActionMask = 2147483647;
			files = (
			);
			inputPaths = (
			);
			name = "[CP] Embed Pods Frameworks";
			outputPaths = (
			);
			runOnlyForDeploymentPostprocessing = 0;
			shellPath = /bin/sh;
			shellScript = "\"${SRCROOT}/Pods/Target Support Files/Pods-CTDS/Pods-CTDS-frameworks.sh\"\n";
			showEnvVarsInLog = 0;
		};
		2FF85B1BB33D46C926C0C9DA /* [CP] Check Pods Manifest.lock */ = {
			isa = PBXShellScriptBuildPhase;
			buildActionMask = 2147483647;
			files = (
			);
			inputPaths = (
			);
			name = "[CP] Check Pods Manifest.lock";
			outputPaths = (
			);
			runOnlyForDeploymentPostprocessing = 0;
			shellPath = /bin/sh;
			shellScript = "diff \"${PODS_ROOT}/../Podfile.lock\" \"${PODS_ROOT}/Manifest.lock\" > /dev/null\nif [ $? != 0 ] ; then\n    # print error to STDERR\n    echo \"error: The sandbox is not in sync with the Podfile.lock. Run 'pod install' or update your CocoaPods installation.\" >&2\n    exit 1\nfi\n";
			showEnvVarsInLog = 0;
		};
		9232FB29EE0C66BD46279D80 /* [CP] Copy Pods Resources */ = {
			isa = PBXShellScriptBuildPhase;
			buildActionMask = 2147483647;
			files = (
			);
			inputPaths = (
			);
			name = "[CP] Copy Pods Resources";
			outputPaths = (
			);
			runOnlyForDeploymentPostprocessing = 0;
			shellPath = /bin/sh;
			shellScript = "\"${SRCROOT}/Pods/Target Support Files/Pods-CTDS/Pods-CTDS-resources.sh\"\n";
			showEnvVarsInLog = 0;
		};
/* End PBXShellScriptBuildPhase section */

/* Begin PBXSourcesBuildPhase section */
		E2787BAE1E4868CC00390D77 /* Sources */ = {
			isa = PBXSourcesBuildPhase;
			buildActionMask = 2147483647;
			files = (
				E227B9341E49C38800DA5F70 /* TableViewController2.swift in Sources */,
				E2B9F42B1E49AE3100700122 /* VC2.swift in Sources */,
				E227B9381E4A065500DA5F70 /* NewCollectionViewCell.swift in Sources */,
				E227B9361E49DE0D00DA5F70 /* MyCollectionViewCell.swift in Sources */,
				E227B9321E49C29C00DA5F70 /* TableViewController1.swift in Sources */,
				E2787BB81E4868CC00390D77 /* ViewController.swift in Sources */,
				E2787BB61E4868CC00390D77 /* AppDelegate.swift in Sources */,
			);
			runOnlyForDeploymentPostprocessing = 0;
		};
/* End PBXSourcesBuildPhase section */

/* Begin PBXVariantGroup section */
		E2787BB91E4868CC00390D77 /* Main.storyboard */ = {
			isa = PBXVariantGroup;
			children = (
				E2787BBA1E4868CC00390D77 /* Base */,
			);
			name = Main.storyboard;
			sourceTree = "<group>";
		};
		E2787BBE1E4868CC00390D77 /* LaunchScreen.storyboard */ = {
			isa = PBXVariantGroup;
			children = (
				E2787BBF1E4868CC00390D77 /* Base */,
			);
			name = LaunchScreen.storyboard;
			sourceTree = "<group>";
		};
/* End PBXVariantGroup section */

/* Begin XCBuildConfiguration section */
		E2787BC21E4868CC00390D77 /* Debug */ = {
			isa = XCBuildConfiguration;
			buildSettings = {
				ALWAYS_SEARCH_USER_PATHS = NO;
				CLANG_ANALYZER_NONNULL = YES;
				CLANG_CXX_LANGUAGE_STANDARD = "gnu++0x";
				CLANG_CXX_LIBRARY = "libc++";
				CLANG_ENABLE_MODULES = YES;
				CLANG_ENABLE_OBJC_ARC = YES;
				CLANG_WARN_BOOL_CONVERSION = YES;
				CLANG_WARN_CONSTANT_CONVERSION = YES;
				CLANG_WARN_DIRECT_OBJC_ISA_USAGE = YES_ERROR;
				CLANG_WARN_DOCUMENTATION_COMMENTS = YES;
				CLANG_WARN_EMPTY_BODY = YES;
				CLANG_WARN_ENUM_CONVERSION = YES;
				CLANG_WARN_INFINITE_RECURSION = YES;
				CLANG_WARN_INT_CONVERSION = YES;
				CLANG_WARN_OBJC_ROOT_CLASS = YES_ERROR;
				CLANG_WARN_SUSPICIOUS_MOVE = YES;
				CLANG_WARN_UNREACHABLE_CODE = YES;
				CLANG_WARN__DUPLICATE_METHOD_MATCH = YES;
				"CODE_SIGN_IDENTITY[sdk=iphoneos*]" = "iPhone Developer";
				COPY_PHASE_STRIP = NO;
				DEBUG_INFORMATION_FORMAT = dwarf;
				ENABLE_STRICT_OBJC_MSGSEND = YES;
				ENABLE_TESTABILITY = YES;
				GCC_C_LANGUAGE_STANDARD = gnu99;
				GCC_DYNAMIC_NO_PIC = NO;
				GCC_NO_COMMON_BLOCKS = YES;
				GCC_OPTIMIZATION_LEVEL = 0;
				GCC_PREPROCESSOR_DEFINITIONS = (
					"DEBUG=1",
					"$(inherited)",
				);
				GCC_WARN_64_TO_32_BIT_CONVERSION = YES;
				GCC_WARN_ABOUT_RETURN_TYPE = YES_ERROR;
				GCC_WARN_UNDECLARED_SELECTOR = YES;
				GCC_WARN_UNINITIALIZED_AUTOS = YES_AGGRESSIVE;
				GCC_WARN_UNUSED_FUNCTION = YES;
				GCC_WARN_UNUSED_VARIABLE = YES;
				IPHONEOS_DEPLOYMENT_TARGET = 10.2;
				MTL_ENABLE_DEBUG_INFO = YES;
				ONLY_ACTIVE_ARCH = YES;
				SDKROOT = iphoneos;
				SWIFT_ACTIVE_COMPILATION_CONDITIONS = DEBUG;
				SWIFT_OPTIMIZATION_LEVEL = "-Onone";
				TARGETED_DEVICE_FAMILY = 2;
			};
			name = Debug;
		};
		E2787BC31E4868CC00390D77 /* Release */ = {
			isa = XCBuildConfiguration;
			buildSettings = {
				ALWAYS_SEARCH_USER_PATHS = NO;
				CLANG_ANALYZER_NONNULL = YES;
				CLANG_CXX_LANGUAGE_STANDARD = "gnu++0x";
				CLANG_CXX_LIBRARY = "libc++";
				CLANG_ENABLE_MODULES = YES;
				CLANG_ENABLE_OBJC_ARC = YES;
				CLANG_WARN_BOOL_CONVERSION = YES;
				CLANG_WARN_CONSTANT_CONVERSION = YES;
				CLANG_WARN_DIRECT_OBJC_ISA_USAGE = YES_ERROR;
				CLANG_WARN_DOCUMENTATION_COMMENTS = YES;
				CLANG_WARN_EMPTY_BODY = YES;
				CLANG_WARN_ENUM_CONVERSION = YES;
				CLANG_WARN_INFINITE_RECURSION = YES;
				CLANG_WARN_INT_CONVERSION = YES;
				CLANG_WARN_OBJC_ROOT_CLASS = YES_ERROR;
				CLANG_WARN_SUSPICIOUS_MOVE = YES;
				CLANG_WARN_UNREACHABLE_CODE = YES;
				CLANG_WARN__DUPLICATE_METHOD_MATCH = YES;
				"CODE_SIGN_IDENTITY[sdk=iphoneos*]" = "iPhone Developer";
				COPY_PHASE_STRIP = NO;
				DEBUG_INFORMATION_FORMAT = "dwarf-with-dsym";
				ENABLE_NS_ASSERTIONS = NO;
				ENABLE_STRICT_OBJC_MSGSEND = YES;
				GCC_C_LANGUAGE_STANDARD = gnu99;
				GCC_NO_COMMON_BLOCKS = YES;
				GCC_WARN_64_TO_32_BIT_CONVERSION = YES;
				GCC_WARN_ABOUT_RETURN_TYPE = YES_ERROR;
				GCC_WARN_UNDECLARED_SELECTOR = YES;
				GCC_WARN_UNINITIALIZED_AUTOS = YES_AGGRESSIVE;
				GCC_WARN_UNUSED_FUNCTION = YES;
				GCC_WARN_UNUSED_VARIABLE = YES;
				IPHONEOS_DEPLOYMENT_TARGET = 10.2;
				MTL_ENABLE_DEBUG_INFO = NO;
				SDKROOT = iphoneos;
				SWIFT_OPTIMIZATION_LEVEL = "-Owholemodule";
				TARGETED_DEVICE_FAMILY = 2;
				VALIDATE_PRODUCT = YES;
			};
			name = Release;
		};
		E2787BC51E4868CC00390D77 /* Debug */ = {
			isa = XCBuildConfiguration;
			baseConfigurationReference = D0603BB29A6FFAF9C998AC10 /* Pods-CTDS.debug.xcconfig */;
			buildSettings = {
				ASSETCATALOG_COMPILER_APPICON_NAME = AppIcon;
				DEVELOPMENT_TEAM = 8Z9Q2C694P;
				INFOPLIST_FILE = CTDS/Info.plist;
				LD_RUNPATH_SEARCH_PATHS = "$(inherited) @executable_path/Frameworks";
				PRODUCT_BUNDLE_IDENTIFIER = unicorn.CTDS;
				PRODUCT_NAME = "$(TARGET_NAME)";
				SWIFT_VERSION = 3.0;
			};
			name = Debug;
		};
		E2787BC61E4868CC00390D77 /* Release */ = {
			isa = XCBuildConfiguration;
			baseConfigurationReference = 24C1A01880C0B6FD8E030502 /* Pods-CTDS.release.xcconfig */;
			buildSettings = {
				ASSETCATALOG_COMPILER_APPICON_NAME = AppIcon;
				DEVELOPMENT_TEAM = 8Z9Q2C694P;
				INFOPLIST_FILE = CTDS/Info.plist;
				LD_RUNPATH_SEARCH_PATHS = "$(inherited) @executable_path/Frameworks";
				PRODUCT_BUNDLE_IDENTIFIER = unicorn.CTDS;
				PRODUCT_NAME = "$(TARGET_NAME)";
				SWIFT_VERSION = 3.0;
			};
			name = Release;
		};
/* End XCBuildConfiguration section */

/* Begin XCConfigurationList section */
		E2787BAD1E4868CC00390D77 /* Build configuration list for PBXProject "CTDS" */ = {
			isa = XCConfigurationList;
			buildConfigurations = (
				E2787BC21E4868CC00390D77 /* Debug */,
				E2787BC31E4868CC00390D77 /* Release */,
			);
			defaultConfigurationIsVisible = 0;
			defaultConfigurationName = Release;
		};
		E2787BC41E4868CC00390D77 /* Build configuration list for PBXNativeTarget "CTDS" */ = {
			isa = XCConfigurationList;
			buildConfigurations = (
				E2787BC51E4868CC00390D77 /* Debug */,
				E2787BC61E4868CC00390D77 /* Release */,
			);
			defaultConfigurationIsVisible = 0;
			defaultConfigurationName = Release;
		};
/* End XCConfigurationList section */
	};
	rootObject = E2787BAA1E4868CC00390D77 /* Project object */;
}
